PODS:
  - GTSDK (2.3.1.0)
  - Masonry (1.1.0)
  - MBProgressHUD (1.1.0)
  - MJRefresh (3.1.15.7)
  - TPPush (0.0.1):
    - TPPush/Base (= 0.0.1)
    - TPPush/GT (= 0.0.1)
  - TPPush/Base (0.0.1)
  - TPPush/GT (0.0.1):
    - GTSDK (~> 2.3.1.0)
    - TPPush/Base
  - TPUIKit (1.0.0):
    - TPUIKit/Base (= 1.0.0)
    - TPUIKit/GradientView (= 1.0.0)
    - TPUIKit/Navigator (= 1.0.0)
    - TPUIKit/Refresh (= 1.0.0)
    - TPUIKit/SimButton (= 1.0.0)
    - TPUIKit/Toast (= 1.0.0)
  - TPUIKit/Base (1.0.0)
  - TPUIKit/GradientView (1.0.0)
  - TPUIKit/Navigator (1.0.0)
  - TPUIKit/Refresh (1.0.0):
    - Masonry
    - MJRefresh (~> 3.1.14)
    - TPUIKit/Base
  - TPUIKit/SimButton (1.0.0)
  - TPUIKit/Toast (1.0.0):
    - MBProgressHUD (~> 1.1.0)
    - TPUIKit/Base

DEPENDENCIES:
  - TPPush (from `../`)
  - TPUIKit

SPEC REPOS:
  https://github.com/cocoapods/specs.git:
    - GTSDK
    - Masonry
    - MBProgressHUD
    - MJRefresh
    - TPUIKit

EXTERNAL SOURCES:
  TPPush:
    :path: "../"

SPEC CHECKSUMS:
  GTSDK: 494ef4408b38bb637d6020068aac7f26cbe9d82e
  Masonry: 678fab65091a9290e40e2832a55e7ab731aad201
  MBProgressHUD: e7baa36a220447d8aeb12769bf0585582f3866d9
  MJRefresh: 697f8ec75ebdbe9207767bb682cf0f51b0d8a41f
  TPPush: 233c45e11340359c600c5ae6955b4efe5c0e6813
  TPUIKit: 61296ec0b019cbca9f1204b48414cb24f426282c

PODFILE CHECKSUM: 8f8d6c42f4023447cb78bd7178c799054600de6b

COCOAPODS: 1.5.3
